
Microsoft Visual Studio Solution File, Format Version 12.00
# Visual Studio Version 17
VisualStudioVersion = 17.14.36203.30
MinimumVisualStudioVersion = 10.0.40219.1
Project("{8BC9CEB8-8B4A-11D0-8D11-00A0C91BC942}") = "拼好饭传奇", "拼好饭传奇\拼好饭传奇.vcxproj", "{D6BF453A-1E13-403F-8110-0B02CC3D3D1B}"
EndProject
Global
	GlobalSection(SolutionConfigurationPlatforms) = preSolution
		Debug|x64 = Debug|x64
		Debug|x86 = Debug|x86
		Release|x64 = Release|x64
		Release|x86 = Release|x86
	EndGlobalSection
	GlobalSection(ProjectConfigurationPlatforms) = postSolution
		{D6BF453A-1E13-403F-8110-0B02CC3D3D1B}.Debug|x64.ActiveCfg = Debug|x64
		{D6BF453A-1E13-403F-8110-0B02CC3D3D1B}.Debug|x64.Build.0 = Debug|x64
		{D6BF453A-1E13-403F-8110-0B02CC3D3D1B}.Debug|x86.ActiveCfg = Debug|Win32
		{D6BF453A-1E13-403F-8110-0B02CC3D3D1B}.Debug|x86.Build.0 = Debug|Win32
		{D6BF453A-1E13-403F-8110-0B02CC3D3D1B}.Release|x64.ActiveCfg = Release|x64
		{D6BF453A-1E13-403F-8110-0B02CC3D3D1B}.Release|x64.Build.0 = Release|x64
		{D6BF453A-1E13-403F-8110-0B02CC3D3D1B}.Release|x86.ActiveCfg = Release|Win32
		{D6BF453A-1E13-403F-8110-0B02CC3D3D1B}.Release|x86.Build.0 = Release|Win32
	EndGlobalSection
	GlobalSection(SolutionProperties) = preSolution
		HideSolutionNode = FALSE
	EndGlobalSection
	GlobalSection(ExtensibilityGlobals) = postSolution
		SolutionGuid = {9D285B82-122C-47BC-8749-68AC4BAFFB32}
	EndGlobalSection
EndGlobal
